// !$*UTF8*$!
{
	archiveVersion = 1;
	classes = {
	};
	objectVersion = 56;
	objects = {

/* Begin PBXBuildFile section */
		949C281D2938677500A25A63 /* ArticleListView.swift in Sources */ = {isa = PBXBuildFile; fileRef = 949C281C2938677500A25A63 /* ArticleListView.swift */; };
		949C2820293867CD00A25A63 /* Article.swift in Sources */ = {isa = PBXBuildFile; fileRef = 949C281F293867CD00A25A63 /* Article.swift */; };
		949C28232938854900A25A63 /* ActivityView in Frameworks */ = {isa = PBXBuildFile; productRef = 949C28222938854900A25A63 /* ActivityView */; };
		949C28262938E35D00A25A63 /* CachedAsyncImage in Frameworks */ = {isa = PBXBuildFile; productRef = 949C28252938E35D00A25A63 /* CachedAsyncImage */; };
		949C2848293B79A700A25A63 /* SettingsView.swift in Sources */ = {isa = PBXBuildFile; fileRef = 949C2847293B79A700A25A63 /* SettingsView.swift */; };
		949C284A293C2F6C00A25A63 /* Loan.swift in Sources */ = {isa = PBXBuildFile; fileRef = 949C2849293C2F6C00A25A63 /* Loan.swift */; };
		949C284C293C3A7900A25A63 /* LoanStore.swift in Sources */ = {isa = PBXBuildFile; fileRef = 949C284B293C3A7900A25A63 /* LoanStore.swift */; };
		949C284E293C8BBD00A25A63 /* ListRowView.swift in Sources */ = {isa = PBXBuildFile; fileRef = 949C284D293C8BBD00A25A63 /* ListRowView.swift */; };
		949C2850293C904500A25A63 /* LoanListView.swift in Sources */ = {isa = PBXBuildFile; fileRef = 949C284F293C904500A25A63 /* LoanListView.swift */; };
		94F0952F2936360000D256A2 /* ArticleApp.swift in Sources */ = {isa = PBXBuildFile; fileRef = 94F0952E2936360000D256A2 /* ArticleApp.swift */; };
		94F095312936360000D256A2 /* MainView.swift in Sources */ = {isa = PBXBuildFile; fileRef = 94F095302936360000D256A2 /* MainView.swift */; };
		94F095332936360300D256A2 /* Assets.xcassets in Resources */ = {isa = PBXBuildFile; fileRef = 94F095322936360300D256A2 /* Assets.xcassets */; };
		94F095362936360300D256A2 /* Preview Assets.xcassets in Resources */ = {isa = PBXBuildFile; fileRef = 94F095352936360300D256A2 /* Preview Assets.xcassets */; };
		94F0953D293636ED00D256A2 /* LaunchScreen.storyboard in Resources */ = {isa = PBXBuildFile; fileRef = 94F0953C293636ED00D256A2 /* LaunchScreen.storyboard */; };
/* End PBXBuildFile section */

/* Begin PBXFileReference section */
		949C281C2938677500A25A63 /* ArticleListView.swift */ = {isa = PBXFileReference; lastKnownFileType = sourcecode.swift; path = ArticleListView.swift; sourceTree = "<group>"; };
		949C281F293867CD00A25A63 /* Article.swift */ = {isa = PBXFileReference; lastKnownFileType = sourcecode.swift; path = Article.swift; sourceTree = "<group>"; };
		949C2847293B79A700A25A63 /* SettingsView.swift */ = {isa = PBXFileReference; lastKnownFileType = sourcecode.swift; path = SettingsView.swift; sourceTree = "<group>"; };
		949C2849293C2F6C00A25A63 /* Loan.swift */ = {isa = PBXFileReference; lastKnownFileType = sourcecode.swift; path = Loan.swift; sourceTree = "<group>"; };
		949C284B293C3A7900A25A63 /* LoanStore.swift */ = {isa = PBXFileReference; lastKnownFileType = sourcecode.swift; path = LoanStore.swift; sourceTree = "<group>"; };
		949C284D293C8BBD00A25A63 /* ListRowView.swift */ = {isa = PBXFileReference; lastKnownFileType = sourcecode.swift; path = ListRowView.swift; sourceTree = "<group>"; };
		949C284F293C904500A25A63 /* LoanListView.swift */ = {isa = PBXFileReference; lastKnownFileType = sourcecode.swift; path = LoanListView.swift; sourceTree = "<group>"; };
		94F0952B2936360000D256A2 /* ArticleApp.app */ = {isa = PBXFileReference; explicitFileType = wrapper.application; includeInIndex = 0; path = ArticleApp.app; sourceTree = BUILT_PRODUCTS_DIR; };
		94F0952E2936360000D256A2 /* ArticleApp.swift */ = {isa = PBXFileReference; lastKnownFileType = sourcecode.swift; path = ArticleApp.swift; sourceTree = "<group>"; };
		94F095302936360000D256A2 /* MainView.swift */ = {isa = PBXFileReference; lastKnownFileType = sourcecode.swift; path = MainView.swift; sourceTree = "<group>"; };
		94F095322936360300D256A2 /* Assets.xcassets */ = {isa = PBXFileReference; lastKnownFileType = folder.assetcatalog; path = Assets.xcassets; sourceTree = "<group>"; };
		94F095352936360300D256A2 /* Preview Assets.xcassets */ = {isa = PBXFileReference; lastKnownFileType = folder.assetcatalog; path = "Preview Assets.xcassets"; sourceTree = "<group>"; };
		94F0953C293636ED00D256A2 /* LaunchScreen.storyboard */ = {isa = PBXFileReference; lastKnownFileType = file.storyboard; path = LaunchScreen.storyboard; sourceTree = "<group>"; };
/* End PBXFileReference section */

/* Begin PBXFrameworksBuildPhase section */
		94F095282936360000D256A2 /* Frameworks */ = {
			isa = PBXFrameworksBuildPhase;
			buildActionMask = 2147483647;
			files = (
				949C28232938854900A25A63 /* ActivityView in Frameworks */,
				949C28262938E35D00A25A63 /* CachedAsyncImage in Frameworks */,
			);
			runOnlyForDeploymentPostprocessing = 0;
		};
/* End PBXFrameworksBuildPhase section */

/* Begin PBXGroup section */
		949C281B2938676200A25A63 /* View */ = {
			isa = PBXGroup;
			children = (
				949C281C2938677500A25A63 /* ArticleListView.swift */,
				949C284D293C8BBD00A25A63 /* ListRowView.swift */,
				949C284F293C904500A25A63 /* LoanListView.swift */,
				949C2847293B79A700A25A63 /* SettingsView.swift */,
			);
			path = View;
			sourceTree = "<group>";
		};
		949C281E293867A100A25A63 /* Model */ = {
			isa = PBXGroup;
			children = (
				949C281F293867CD00A25A63 /* Article.swift */,
				949C2849293C2F6C00A25A63 /* Loan.swift */,
				949C284B293C3A7900A25A63 /* LoanStore.swift */,
			);
			path = Model;
			sourceTree = "<group>";
		};
		94F095222936360000D256A2 = {
			isa = PBXGroup;
			children = (
				94F0952D2936360000D256A2 /* ArticleApp */,
				94F0952C2936360000D256A2 /* Products */,
			);
			sourceTree = "<group>";
		};
		94F0952C2936360000D256A2 /* Products */ = {
			isa = PBXGroup;
			children = (
				94F0952B2936360000D256A2 /* ArticleApp.app */,
			);
			name = Products;
			sourceTree = "<group>";
		};
		94F0952D2936360000D256A2 /* ArticleApp */ = {
			isa = PBXGroup;
			children = (
				949C281E293867A100A25A63 /* Model */,
				949C281B2938676200A25A63 /* View */,
				94F0952E2936360000D256A2 /* ArticleApp.swift */,
				94F095302936360000D256A2 /* MainView.swift */,
				94F0953C293636ED00D256A2 /* LaunchScreen.storyboard */,
				94F095322936360300D256A2 /* Assets.xcassets */,
				94F095342936360300D256A2 /* Preview Content */,
			);
			path = ArticleApp;
			sourceTree = "<group>";
		};
		94F095342936360300D256A2 /* Preview Content */ = {
			isa = PBXGroup;
			children = (
				94F095352936360300D256A2 /* Preview Assets.xcassets */,
			);
			path = "Preview Content";
			sourceTree = "<group>";
		};
/* End PBXGroup section */

/* Begin PBXNativeTarget section */
		94F0952A2936360000D256A2 /* ArticleApp */ = {
			isa = PBXNativeTarget;
			buildConfigurationList = 94F095392936360300D256A2 /* Build configuration list for PBXNativeTarget "ArticleApp" */;
			buildPhases = (
				94F095272936360000D256A2 /* Sources */,
				94F095282936360000D256A2 /* Frameworks */,
				94F095292936360000D256A2 /* Resources */,
			);
			buildRules = (
			);
			dependencies = (
			);
			name = ArticleApp;
			packageProductDependencies = (
				949C28222938854900A25A63 /* ActivityView */,
				949C28252938E35D00A25A63 /* CachedAsyncImage */,
			);
			productName = IconSplashSwiftUI;
			productReference = 94F0952B2936360000D256A2 /* ArticleApp.app */;
			productType = "com.apple.product-type.application";
		};
/* End PBXNativeTarget section */

/* Begin PBXProject section */
		94F095232936360000D256A2 /* Project object */ = {
			isa = PBXProject;
			attributes = {
				BuildIndependentTargetsInParallel = 1;
				LastSwiftUpdateCheck = 1410;
				LastUpgradeCheck = 1410;
				TargetAttributes = {
					94F0952A2936360000D256A2 = {
						CreatedOnToolsVersion = 14.1;
					};
				};
			};
			buildConfigurationList = 94F095262936360000D256A2 /* Build configuration list for PBXProject "ArticleApp" */;
			compatibilityVersion = "Xcode 14.0";
			developmentRegion = en;
			hasScannedForEncodings = 0;
			knownRegions = (
				en,
				Base,
			);
			mainGroup = 94F095222936360000D256A2;
			packageReferences = (
				949C28212938854900A25A63 /* XCRemoteSwiftPackageReference "ActivityView" */,
				949C28242938E35D00A25A63 /* XCRemoteSwiftPackageReference "swiftui-cached-async-image" */,
			);
			productRefGroup = 94F0952C2936360000D256A2 /* Products */;
			projectDirPath = "";
			projectRoot = "";
			targets = (
				94F0952A2936360000D256A2 /* ArticleApp */,
			);
		};
/* End PBXProject section */

/* Begin PBXResourcesBuildPhase section */
		94F095292936360000D256A2 /* Resources */ = {
			isa = PBXResourcesBuildPhase;
			buildActionMask = 2147483647;
			files = (
				94F0953D293636ED00D256A2 /* LaunchScreen.storyboard in Resources */,
				94F095362936360300D256A2 /* Preview Assets.xcassets in Resources */,
				94F095332936360300D256A2 /* Assets.xcassets in Resources */,
			);
			runOnlyForDeploymentPostprocessing = 0;
		};
/* End PBXResourcesBuildPhase section */

/* Begin PBXSourcesBuildPhase section */
		94F095272936360000D256A2 /* Sources */ = {
			isa = PBXSourcesBuildPhase;
			buildActionMask = 2147483647;
			files = (
				949C2848293B79A700A25A63 /* SettingsView.swift in Sources */,
				949C284A293C2F6C00A25A63 /* Loan.swift in Sources */,
				949C2820293867CD00A25A63 /* Article.swift in Sources */,
				949C2850293C904500A25A63 /* LoanListView.swift in Sources */,
				949C284E293C8BBD00A25A63 /* ListRowView.swift in Sources */,
				94F095312936360000D256A2 /* MainView.swift in Sources */,
				949C281D2938677500A25A63 /* ArticleListView.swift in Sources */,
				94F0952F2936360000D256A2 /* ArticleApp.swift in Sources */,
				949C284C293C3A7900A25A63 /* LoanStore.swift in Sources */,
			);
			runOnlyForDeploymentPostprocessing = 0;
		};
/* End PBXSourcesBuildPhase section */

/* Begin XCBuildConfiguration section */
		94F095372936360300D256A2 /* Debug */ = {
			isa = XCBuildConfiguration;
			buildSettings = {
				ALWAYS_SEARCH_USER_PATHS = NO;
				CLANG_ANALYZER_NONNULL = YES;
				CLANG_ANALYZER_NUMBER_OBJECT_CONVERSION = YES_AGGRESSIVE;
				CLANG_CXX_LANGUAGE_STANDARD = "gnu++20";
				CLANG_ENABLE_MODULES = YES;
				CLANG_ENABLE_OBJC_ARC = YES;
				CLANG_ENABLE_OBJC_WEAK = YES;
				CLANG_WARN_BLOCK_CAPTURE_AUTORELEASING = YES;
				CLANG_WARN_BOOL_CONVERSION = YES;
				CLANG_WARN_COMMA = YES;
				CLANG_WARN_CONSTANT_CONVERSION = YES;
				CLANG_WARN_DEPRECATED_OBJC_IMPLEMENTATIONS = YES;
				CLANG_WARN_DIRECT_OBJC_ISA_USAGE = YES_ERROR;
				CLANG_WARN_DOCUMENTATION_COMMENTS = YES;
				CLANG_WARN_EMPTY_BODY = YES;
				CLANG_WARN_ENUM_CONVERSION = YES;
				CLANG_WARN_INFINITE_RECURSION = YES;
				CLANG_WARN_INT_CONVERSION = YES;
				CLANG_WARN_NON_LITERAL_NULL_CONVERSION = YES;
				CLANG_WARN_OBJC_IMPLICIT_RETAIN_SELF = YES;
				CLANG_WARN_OBJC_LITERAL_CONVERSION = YES;
				CLANG_WARN_OBJC_ROOT_CLASS = YES_ERROR;
				CLANG_WARN_QUOTED_INCLUDE_IN_FRAMEWORK_HEADER = YES;
				CLANG_WARN_RANGE_LOOP_ANALYSIS = YES;
				CLANG_WARN_STRICT_PROTOTYPES = YES;
				CLANG_WARN_SUSPICIOUS_MOVE = YES;
				CLANG_WARN_UNGUARDED_AVAILABILITY = YES_AGGRESSIVE;
				CLANG_WARN_UNREACHABLE_CODE = YES;
				CLANG_WARN__DUPLICATE_METHOD_MATCH = YES;
				COPY_PHASE_STRIP = NO;
				DEBUG_INFORMATION_FORMAT = dwarf;
				ENABLE_STRICT_OBJC_MSGSEND = YES;
				ENABLE_TESTABILITY = YES;
				GCC_C_LANGUAGE_STANDARD = gnu11;
				GCC_DYNAMIC_NO_PIC = NO;
				GCC_NO_COMMON_BLOCKS = YES;
				GCC_OPTIMIZATION_LEVEL = 0;
				GCC_PREPROCESSOR_DEFINITIONS = (
					"DEBUG=1",
					"$(inherited)",
				);
				GCC_WARN_64_TO_32_BIT_CONVERSION = YES;
				GCC_WARN_ABOUT_RETURN_TYPE = YES_ERROR;
				GCC_WARN_UNDECLARED_SELECTOR = YES;
				GCC_WARN_UNINITIALIZED_AUTOS = YES_AGGRESSIVE;
				GCC_WARN_UNUSED_FUNCTION = YES;
				GCC_WARN_UNUSED_VARIABLE = YES;
				IPHONEOS_DEPLOYMENT_TARGET = 16.1;
				MTL_ENABLE_DEBUG_INFO = INCLUDE_SOURCE;
				MTL_FAST_MATH = YES;
				ONLY_ACTIVE_ARCH = YES;
				SDKROOT = iphoneos;
				SWIFT_ACTIVE_COMPILATION_CONDITIONS = DEBUG;
				SWIFT_OPTIMIZATION_LEVEL = "-Onone";
			};
			name = Debug;
		};
		94F095382936360300D256A2 /* Release */ = {
			isa = XCBuildConfiguration;
			buildSettings = {
				ALWAYS_SEARCH_USER_PATHS = NO;
				CLANG_ANALYZER_NONNULL = YES;
				CLANG_ANALYZER_NUMBER_OBJECT_CONVERSION = YES_AGGRESSIVE;
				CLANG_CXX_LANGUAGE_STANDARD = "gnu++20";
				CLANG_ENABLE_MODULES = YES;
				CLANG_ENABLE_OBJC_ARC = YES;
				CLANG_ENABLE_OBJC_WEAK = YES;
				CLANG_WARN_BLOCK_CAPTURE_AUTORELEASING = YES;
				CLANG_WARN_BOOL_CONVERSION = YES;
				CLANG_WARN_COMMA = YES;
				CLANG_WARN_CONSTANT_CONVERSION = YES;
				CLANG_WARN_DEPRECATED_OBJC_IMPLEMENTATIONS = YES;
				CLANG_WARN_DIRECT_OBJC_ISA_USAGE = YES_ERROR;
				CLANG_WARN_DOCUMENTATION_COMMENTS = YES;
				CLANG_WARN_EMPTY_BODY = YES;
				CLANG_WARN_ENUM_CONVERSION = YES;
				CLANG_WARN_INFINITE_RECURSION = YES;
				CLANG_WARN_INT_CONVERSION = YES;
				CLANG_WARN_NON_LITERAL_NULL_CONVERSION = YES;
				CLANG_WARN_OBJC_IMPLICIT_RETAIN_SELF = YES;
				CLANG_WARN_OBJC_LITERAL_CONVERSION = YES;
				CLANG_WARN_OBJC_ROOT_CLASS = YES_ERROR;
				CLANG_WARN_QUOTED_INCLUDE_IN_FRAMEWORK_HEADER = YES;
				CLANG_WARN_RANGE_LOOP_ANALYSIS = YES;
				CLANG_WARN_STRICT_PROTOTYPES = YES;
				CLANG_WARN_SUSPICIOUS_MOVE = YES;
				CLANG_WARN_UNGUARDED_AVAILABILITY = YES_AGGRESSIVE;
				CLANG_WARN_UNREACHABLE_CODE = YES;
				CLANG_WARN__DUPLICATE_METHOD_MATCH = YES;
				COPY_PHASE_STRIP = NO;
				DEBUG_INFORMATION_FORMAT = "dwarf-with-dsym";
				ENABLE_NS_ASSERTIONS = NO;
				ENABLE_STRICT_OBJC_MSGSEND = YES;
				GCC_C_LANGUAGE_STANDARD = gnu11;
				GCC_NO_COMMON_BLOCKS = YES;
				GCC_WARN_64_TO_32_BIT_CONVERSION = YES;
				GCC_WARN_ABOUT_RETURN_TYPE = YES_ERROR;
				GCC_WARN_UNDECLARED_SELECTOR = YES;
				GCC_WARN_UNINITIALIZED_AUTOS = YES_AGGRESSIVE;
				GCC_WARN_UNUSED_FUNCTION = YES;
				GCC_WARN_UNUSED_VARIABLE = YES;
				IPHONEOS_DEPLOYMENT_TARGET = 16.1;
				MTL_ENABLE_DEBUG_INFO = NO;
				MTL_FAST_MATH = YES;
				SDKROOT = iphoneos;
				SWIFT_COMPILATION_MODE = wholemodule;
				SWIFT_OPTIMIZATION_LEVEL = "-O";
				VALIDATE_PRODUCT = YES;
			};
			name = Release;
		};
		94F0953A2936360300D256A2 /* Debug */ = {
			isa = XCBuildConfiguration;
			buildSettings = {
				ASSETCATALOG_COMPILER_APPICON_NAME = AppIcon;
				ASSETCATALOG_COMPILER_GLOBAL_ACCENT_COLOR_NAME = AccentColor;
				CODE_SIGN_STYLE = Automatic;
				CURRENT_PROJECT_VERSION = 1;
				DEVELOPMENT_ASSET_PATHS = "\"ArticleApp/Preview Content\"";
				DEVELOPMENT_TEAM = 59BS9RNX2H;
				ENABLE_PREVIEWS = YES;
				GENERATE_INFOPLIST_FILE = YES;
				INFOPLIST_KEY_UIApplicationSceneManifest_Generation = YES;
				INFOPLIST_KEY_UIApplicationSupportsIndirectInputEvents = YES;
				INFOPLIST_KEY_UILaunchScreen_Generation = YES;
				INFOPLIST_KEY_UISupportedInterfaceOrientations_iPad = "UIInterfaceOrientationPortrait UIInterfaceOrientationPortraitUpsideDown UIInterfaceOrientationLandscapeLeft UIInterfaceOrientationLandscapeRight";
				INFOPLIST_KEY_UISupportedInterfaceOrientations_iPhone = "UIInterfaceOrientationPortrait UIInterfaceOrientationLandscapeLeft UIInterfaceOrientationLandscapeRight";
				LD_RUNPATH_SEARCH_PATHS = (
					"$(inherited)",
					"@executable_path/Frameworks",
				);
				MARKETING_VERSION = 1.0;
				PRODUCT_BUNDLE_IDENTIFIER = com.tiaranh.IconSplashSwiftUI;
				PRODUCT_NAME = "$(TARGET_NAME)";
				SWIFT_EMIT_LOC_STRINGS = YES;
				SWIFT_VERSION = 5.0;
				TARGETED_DEVICE_FAMILY = "1,2";
			};
			name = Debug;
		};
		94F0953B2936360300D256A2 /* Release */ = {
			isa = XCBuildConfiguration;
			buildSettings = {
				ASSETCATALOG_COMPILER_APPICON_NAME = AppIcon;
				ASSETCATALOG_COMPILER_GLOBAL_ACCENT_COLOR_NAME = AccentColor;
				CODE_SIGN_STYLE = Automatic;
				CURRENT_PROJECT_VERSION = 1;
				DEVELOPMENT_ASSET_PATHS = "\"ArticleApp/Preview Content\"";
				DEVELOPMENT_TEAM = 59BS9RNX2H;
				ENABLE_PREVIEWS = YES;
				GENERATE_INFOPLIST_FILE = YES;
				INFOPLIST_KEY_UIApplicationSceneManifest_Generation = YES;
				INFOPLIST_KEY_UIApplicationSupportsIndirectInputEvents = YES;
				INFOPLIST_KEY_UILaunchScreen_Generation = YES;
				INFOPLIST_KEY_UISupportedInterfaceOrientations_iPad = "UIInterfaceOrientationPortrait UIInterfaceOrientationPortraitUpsideDown UIInterfaceOrientationLandscapeLeft UIInterfaceOrientationLandscapeRight";
				INFOPLIST_KEY_UISupportedInterfaceOrientations_iPhone = "UIInterfaceOrientationPortrait UIInterfaceOrientationLandscapeLeft UIInterfaceOrientationLandscapeRight";
				LD_RUNPATH_SEARCH_PATHS = (
					"$(inherited)",
					"@executable_path/Frameworks",
				);
				MARKETING_VERSION = 1.0;
				PRODUCT_BUNDLE_IDENTIFIER = com.tiaranh.IconSplashSwiftUI;
				PRODUCT_NAME = "$(TARGET_NAME)";
				SWIFT_EMIT_LOC_STRINGS = YES;
				SWIFT_VERSION = 5.0;
				TARGETED_DEVICE_FAMILY = "1,2";
			};
			name = Release;
		};
/* End XCBuildConfiguration section */

/* Begin XCConfigurationList section */
		94F095262936360000D256A2 /* Build configuration list for PBXProject "ArticleApp" */ = {
			isa = XCConfigurationList;
			buildConfigurations = (
				94F095372936360300D256A2 /* Debug */,
				94F095382936360300D256A2 /* Release */,
			);
			defaultConfigurationIsVisible = 0;
			defaultConfigurationName = Release;
		};
		94F095392936360300D256A2 /* Build configuration list for PBXNativeTarget "ArticleApp" */ = {
			isa = XCConfigurationList;
			buildConfigurations = (
				94F0953A2936360300D256A2 /* Debug */,
				94F0953B2936360300D256A2 /* Release */,
			);
			defaultConfigurationIsVisible = 0;
			defaultConfigurationName = Release;
		};
/* End XCConfigurationList section */

/* Begin XCRemoteSwiftPackageReference section */
		949C28212938854900A25A63 /* XCRemoteSwiftPackageReference "ActivityView" */ = {
			isa = XCRemoteSwiftPackageReference;
			repositoryURL = "https://github.com/SwiftUI-Plus/ActivityView.git";
			requirement = {
				kind = upToNextMajorVersion;
				minimumVersion = 1.0.0;
			};
		};
		949C28242938E35D00A25A63 /* XCRemoteSwiftPackageReference "swiftui-cached-async-image" */ = {
			isa = XCRemoteSwiftPackageReference;
			repositoryURL = "https://github.com/lorenzofiamingo/swiftui-cached-async-image";
			requirement = {
				branch = main;
				kind = branch;
			};
		};
/* End XCRemoteSwiftPackageReference section */

/* Begin XCSwiftPackageProductDependency section */
		949C28222938854900A25A63 /* ActivityView */ = {
			isa = XCSwiftPackageProductDependency;
			package = 949C28212938854900A25A63 /* XCRemoteSwiftPackageReference "ActivityView" */;
			productName = ActivityView;
		};
		949C28252938E35D00A25A63 /* CachedAsyncImage */ = {
			isa = XCSwiftPackageProductDependency;
			package = 949C28242938E35D00A25A63 /* XCRemoteSwiftPackageReference "swiftui-cached-async-image" */;
			productName = CachedAsyncImage;
		};
/* End XCSwiftPackageProductDependency section */
	};
	rootObject = 94F095232936360000D256A2 /* Project object */;
}
